
Microsoft Visual Studio Solution File, Format Version 12.00
# Visual Studio Version 16
VisualStudioVersion = 16.0.31911.196
MinimumVisualStudioVersion = 10.0.40219.1
Project("{9A19103F-16F7-4668-BE54-9A1E7A4F7556}") = "ProiectPractica5", "ProiectPractica5\ProiectPractica5.csproj", "{7786B75F-A3D4-4E0C-AB5D-278E04DF1E3D}"
EndProject
Project("{FAE04EC0-301F-11D3-BF4B-00C04F79EFBC}") = "ProiectPractica5.Test", "ProiectPractica5.Test\ProiectPractica5.Test.csproj", "{8ACCD65D-1986-4EF9-AD2B-917E24939E1A}"
EndProject
Global
	GlobalSection(SolutionConfigurationPlatforms) = preSolution
		Debug|Any CPU = Debug|Any CPU
		Release|Any CPU = Release|Any CPU
	EndGlobalSection
	GlobalSection(ProjectConfigurationPlatforms) = postSolution
		{7786B75F-A3D4-4E0C-AB5D-278E04DF1E3D}.Debug|Any CPU.ActiveCfg = Debug|Any CPU
		{7786B75F-A3D4-4E0C-AB5D-278E04DF1E3D}.Debug|Any CPU.Build.0 = Debug|Any CPU
		{7786B75F-A3D4-4E0C-AB5D-278E04DF1E3D}.Release|Any CPU.ActiveCfg = Release|Any CPU
		{7786B75F-A3D4-4E0C-AB5D-278E04DF1E3D}.Release|Any CPU.Build.0 = Release|Any CPU
		{8ACCD65D-1986-4EF9-AD2B-917E24939E1A}.Debug|Any CPU.ActiveCfg = Debug|Any CPU
		{8ACCD65D-1986-4EF9-AD2B-917E24939E1A}.Debug|Any CPU.Build.0 = Debug|Any CPU
		{8ACCD65D-1986-4EF9-AD2B-917E24939E1A}.Release|Any CPU.ActiveCfg = Release|Any CPU
		{8ACCD65D-1986-4EF9-AD2B-917E24939E1A}.Release|Any CPU.Build.0 = Release|Any CPU
	EndGlobalSection
	GlobalSection(SolutionProperties) = preSolution
		HideSolutionNode = FALSE
	EndGlobalSection
	GlobalSection(ExtensibilityGlobals) = postSolution
		SolutionGuid = {3C971785-DA43-47D4-9B5D-2ED23728847E}
	EndGlobalSection
EndGlobal
